
Microsoft Visual Studio Solution File, Format Version 12.00
Project("{FAE04EC0-301F-11D3-BF4B-00C04F79EFBC}") = "Example.ObjectLifetimeBasics", "Example.ObjectLifetimeBasics\Example.ObjectLifetimeBasics.csproj", "{0DC43BB0-E3D8-4544-9419-6181B9A9B567}"
EndProject
Project("{FAE04EC0-301F-11D3-BF4B-00C04F79EFBC}") = "Example.ApplicationRoots", "Example.ApplicationRoots\Example.ApplicationRoots.csproj", "{8818F1CB-3275-40C6-8067-7C9F72D91B99}"
EndProject
Project("{FAE04EC0-301F-11D3-BF4B-00C04F79EFBC}") = "Example.GenerationsAndLOH", "Example.GenerationsAndLOH\Example.GenerationsAndLOH.csproj", "{79FE139E-6639-4A39-9B4D-7EAB02A7FB0C}"
EndProject
Project("{FAE04EC0-301F-11D3-BF4B-00C04F79EFBC}") = "Example.GC_API", "Example.GC_API\Example.GC_API.csproj", "{32F19351-8680-413B-B527-F7638CB3272E}"
EndProject
Project("{FAE04EC0-301F-11D3-BF4B-00C04F79EFBC}") = "Example.Finalizers", "Example.Finalizers\Example.Finalizers.csproj", "{5E64D3E7-F26A-4D71-9E1D-2E6F14983FBE}"
EndProject
Project("{FAE04EC0-301F-11D3-BF4B-00C04F79EFBC}") = "Example.IDisposable_Using", "Example.IDisposable_Using\Example.IDisposable_Using.csproj", "{EA6A7BAB-99C4-4DDD-9093-46E3EB23B7C4}"
EndProject
Project("{FAE04EC0-301F-11D3-BF4B-00C04F79EFBC}") = "Example.Finalize_vs_Dispose", "Example.Finalize_vs_Dispose\Example.Finalize_vs_Dispose.csproj", "{8E2B962D-1F66-4CC4-BC9C-7BE66F4B7B50}"
EndProject
Project("{FAE04EC0-301F-11D3-BF4B-00C04F79EFBC}") = "Example.AddMemoryPressure", "Example.AddMemoryPressure\Example.AddMemoryPressure.csproj", "{4CB7B606-E9F4-41EF-9604-26776C8A72C2}"
EndProject
Project("{FAE04EC0-301F-11D3-BF4B-00C04F79EFBC}") = "Example.GC_LatencyModes", "Example.GC_LatencyModes\Example.GC_LatencyModes.csproj", "{7FE9B88B-2F91-48AD-8DE5-6CC9DCEF0931}"
EndProject
Project("{FAE04EC0-301F-11D3-BF4B-00C04F79EFBC}") = "Example.LazyInitialization", "Example.LazyInitialization\Example.LazyInitialization.csproj", "{3244D10D-6152-4CAB-8C62-83DB5EE1E209}"
EndProject
Project("{FAE04EC0-301F-11D3-BF4B-00C04F79EFBC}") = "App", "App\App.csproj", "{BED60FC7-D35D-4F10-A6E2-AA2E1C62DC3C}"
EndProject
Project("{2150E333-8FDC-42A3-9474-1A3956D46DE8}") = "Examples", "Examples", "{1604988F-94C7-44C4-9727-B518C2A960C2}"
EndProject
Project("{FAE04EC0-301F-11D3-BF4B-00C04F79EFBC}") = "App.Tests", "App.Tests\App.Tests.csproj", "{5D0B21DA-4D92-4DCA-8996-B21E2B342D0C}"
EndProject
Global
	GlobalSection(SolutionConfigurationPlatforms) = preSolution
		Debug|Any CPU = Debug|Any CPU
		Release|Any CPU = Release|Any CPU
	EndGlobalSection
	GlobalSection(ProjectConfigurationPlatforms) = postSolution
		{0DC43BB0-E3D8-4544-9419-6181B9A9B567}.Debug|Any CPU.ActiveCfg = Debug|Any CPU
		{0DC43BB0-E3D8-4544-9419-6181B9A9B567}.Debug|Any CPU.Build.0 = Debug|Any CPU
		{0DC43BB0-E3D8-4544-9419-6181B9A9B567}.Release|Any CPU.ActiveCfg = Release|Any CPU
		{0DC43BB0-E3D8-4544-9419-6181B9A9B567}.Release|Any CPU.Build.0 = Release|Any CPU
		{8818F1CB-3275-40C6-8067-7C9F72D91B99}.Debug|Any CPU.ActiveCfg = Debug|Any CPU
		{8818F1CB-3275-40C6-8067-7C9F72D91B99}.Debug|Any CPU.Build.0 = Debug|Any CPU
		{8818F1CB-3275-40C6-8067-7C9F72D91B99}.Release|Any CPU.ActiveCfg = Release|Any CPU
		{8818F1CB-3275-40C6-8067-7C9F72D91B99}.Release|Any CPU.Build.0 = Release|Any CPU
		{79FE139E-6639-4A39-9B4D-7EAB02A7FB0C}.Debug|Any CPU.ActiveCfg = Debug|Any CPU
		{79FE139E-6639-4A39-9B4D-7EAB02A7FB0C}.Debug|Any CPU.Build.0 = Debug|Any CPU
		{79FE139E-6639-4A39-9B4D-7EAB02A7FB0C}.Release|Any CPU.ActiveCfg = Release|Any CPU
		{79FE139E-6639-4A39-9B4D-7EAB02A7FB0C}.Release|Any CPU.Build.0 = Release|Any CPU
		{32F19351-8680-413B-B527-F7638CB3272E}.Debug|Any CPU.ActiveCfg = Debug|Any CPU
		{32F19351-8680-413B-B527-F7638CB3272E}.Debug|Any CPU.Build.0 = Debug|Any CPU
		{32F19351-8680-413B-B527-F7638CB3272E}.Release|Any CPU.ActiveCfg = Release|Any CPU
		{32F19351-8680-413B-B527-F7638CB3272E}.Release|Any CPU.Build.0 = Release|Any CPU
		{5E64D3E7-F26A-4D71-9E1D-2E6F14983FBE}.Debug|Any CPU.ActiveCfg = Debug|Any CPU
		{5E64D3E7-F26A-4D71-9E1D-2E6F14983FBE}.Debug|Any CPU.Build.0 = Debug|Any CPU
		{5E64D3E7-F26A-4D71-9E1D-2E6F14983FBE}.Release|Any CPU.ActiveCfg = Release|Any CPU
		{5E64D3E7-F26A-4D71-9E1D-2E6F14983FBE}.Release|Any CPU.Build.0 = Release|Any CPU
		{EA6A7BAB-99C4-4DDD-9093-46E3EB23B7C4}.Debug|Any CPU.ActiveCfg = Debug|Any CPU
		{EA6A7BAB-99C4-4DDD-9093-46E3EB23B7C4}.Debug|Any CPU.Build.0 = Debug|Any CPU
		{EA6A7BAB-99C4-4DDD-9093-46E3EB23B7C4}.Release|Any CPU.ActiveCfg = Release|Any CPU
		{EA6A7BAB-99C4-4DDD-9093-46E3EB23B7C4}.Release|Any CPU.Build.0 = Release|Any CPU
		{8E2B962D-1F66-4CC4-BC9C-7BE66F4B7B50}.Debug|Any CPU.ActiveCfg = Debug|Any CPU
		{8E2B962D-1F66-4CC4-BC9C-7BE66F4B7B50}.Debug|Any CPU.Build.0 = Debug|Any CPU
		{8E2B962D-1F66-4CC4-BC9C-7BE66F4B7B50}.Release|Any CPU.ActiveCfg = Release|Any CPU
		{8E2B962D-1F66-4CC4-BC9C-7BE66F4B7B50}.Release|Any CPU.Build.0 = Release|Any CPU
		{4CB7B606-E9F4-41EF-9604-26776C8A72C2}.Debug|Any CPU.ActiveCfg = Debug|Any CPU
		{4CB7B606-E9F4-41EF-9604-26776C8A72C2}.Debug|Any CPU.Build.0 = Debug|Any CPU
		{4CB7B606-E9F4-41EF-9604-26776C8A72C2}.Release|Any CPU.ActiveCfg = Release|Any CPU
		{4CB7B606-E9F4-41EF-9604-26776C8A72C2}.Release|Any CPU.Build.0 = Release|Any CPU
		{7FE9B88B-2F91-48AD-8DE5-6CC9DCEF0931}.Debug|Any CPU.ActiveCfg = Debug|Any CPU
		{7FE9B88B-2F91-48AD-8DE5-6CC9DCEF0931}.Debug|Any CPU.Build.0 = Debug|Any CPU
		{7FE9B88B-2F91-48AD-8DE5-6CC9DCEF0931}.Release|Any CPU.ActiveCfg = Release|Any CPU
		{7FE9B88B-2F91-48AD-8DE5-6CC9DCEF0931}.Release|Any CPU.Build.0 = Release|Any CPU
		{3244D10D-6152-4CAB-8C62-83DB5EE1E209}.Debug|Any CPU.ActiveCfg = Debug|Any CPU
		{3244D10D-6152-4CAB-8C62-83DB5EE1E209}.Debug|Any CPU.Build.0 = Debug|Any CPU
		{3244D10D-6152-4CAB-8C62-83DB5EE1E209}.Release|Any CPU.ActiveCfg = Release|Any CPU
		{3244D10D-6152-4CAB-8C62-83DB5EE1E209}.Release|Any CPU.Build.0 = Release|Any CPU
		{BED60FC7-D35D-4F10-A6E2-AA2E1C62DC3C}.Debug|Any CPU.ActiveCfg = Debug|Any CPU
		{BED60FC7-D35D-4F10-A6E2-AA2E1C62DC3C}.Debug|Any CPU.Build.0 = Debug|Any CPU
		{BED60FC7-D35D-4F10-A6E2-AA2E1C62DC3C}.Release|Any CPU.ActiveCfg = Release|Any CPU
		{BED60FC7-D35D-4F10-A6E2-AA2E1C62DC3C}.Release|Any CPU.Build.0 = Release|Any CPU
		{5D0B21DA-4D92-4DCA-8996-B21E2B342D0C}.Debug|Any CPU.ActiveCfg = Debug|Any CPU
		{5D0B21DA-4D92-4DCA-8996-B21E2B342D0C}.Debug|Any CPU.Build.0 = Debug|Any CPU
		{5D0B21DA-4D92-4DCA-8996-B21E2B342D0C}.Release|Any CPU.ActiveCfg = Release|Any CPU
		{5D0B21DA-4D92-4DCA-8996-B21E2B342D0C}.Release|Any CPU.Build.0 = Release|Any CPU
	EndGlobalSection
	GlobalSection(NestedProjects) = preSolution
		{4CB7B606-E9F4-41EF-9604-26776C8A72C2} = {1604988F-94C7-44C4-9727-B518C2A960C2}
		{8818F1CB-3275-40C6-8067-7C9F72D91B99} = {1604988F-94C7-44C4-9727-B518C2A960C2}
		{8E2B962D-1F66-4CC4-BC9C-7BE66F4B7B50} = {1604988F-94C7-44C4-9727-B518C2A960C2}
		{5E64D3E7-F26A-4D71-9E1D-2E6F14983FBE} = {1604988F-94C7-44C4-9727-B518C2A960C2}
		{32F19351-8680-413B-B527-F7638CB3272E} = {1604988F-94C7-44C4-9727-B518C2A960C2}
		{7FE9B88B-2F91-48AD-8DE5-6CC9DCEF0931} = {1604988F-94C7-44C4-9727-B518C2A960C2}
		{79FE139E-6639-4A39-9B4D-7EAB02A7FB0C} = {1604988F-94C7-44C4-9727-B518C2A960C2}
		{EA6A7BAB-99C4-4DDD-9093-46E3EB23B7C4} = {1604988F-94C7-44C4-9727-B518C2A960C2}
		{3244D10D-6152-4CAB-8C62-83DB5EE1E209} = {1604988F-94C7-44C4-9727-B518C2A960C2}
		{0DC43BB0-E3D8-4544-9419-6181B9A9B567} = {1604988F-94C7-44C4-9727-B518C2A960C2}
	EndGlobalSection
EndGlobal
